
Microsoft Visual Studio Solution File, Format Version 12.00
# Visual Studio Version 16
VisualStudioVersion = 16.0.33027.164
MinimumVisualStudioVersion = 10.0.40219.1
Project("{FAE04EC0-301F-11D3-BF4B-00C04F79EFBC}") = "SimpleTestModel", "SimpleTestModel\SimpleTestModel.csproj", "{756C40AC-C236-4102-9F1C-2D5C2DE65BBE}"
EndProject
Project("{FAE04EC0-301F-11D3-BF4B-00C04F79EFBC}") = "TestsFromText", "TestsFromText\TestsFromText.csproj", "{140F37B4-F610-467C-9E0B-80CF7B3F1D0D}"
EndProject
Global
	GlobalSection(SolutionConfigurationPlatforms) = preSolution
		Debug|Any CPU = Debug|Any CPU
		Release|Any CPU = Release|Any CPU
	EndGlobalSection
	GlobalSection(ProjectConfigurationPlatforms) = postSolution
		{756C40AC-C236-4102-9F1C-2D5C2DE65BBE}.Debug|Any CPU.ActiveCfg = Debug|Any CPU
		{756C40AC-C236-4102-9F1C-2D5C2DE65BBE}.Debug|Any CPU.Build.0 = Debug|Any CPU
		{756C40AC-C236-4102-9F1C-2D5C2DE65BBE}.Release|Any CPU.ActiveCfg = Release|Any CPU
		{756C40AC-C236-4102-9F1C-2D5C2DE65BBE}.Release|Any CPU.Build.0 = Release|Any CPU
		{140F37B4-F610-467C-9E0B-80CF7B3F1D0D}.Debug|Any CPU.ActiveCfg = Debug|Any CPU
		{140F37B4-F610-467C-9E0B-80CF7B3F1D0D}.Debug|Any CPU.Build.0 = Debug|Any CPU
		{140F37B4-F610-467C-9E0B-80CF7B3F1D0D}.Release|Any CPU.ActiveCfg = Release|Any CPU
		{140F37B4-F610-467C-9E0B-80CF7B3F1D0D}.Release|Any CPU.Build.0 = Release|Any CPU
	EndGlobalSection
	GlobalSection(SolutionProperties) = preSolution
		HideSolutionNode = FALSE
	EndGlobalSection
	GlobalSection(ExtensibilityGlobals) = postSolution
		SolutionGuid = {102846D8-DEA3-4190-A32B-69FF7878A33C}
	EndGlobalSection
EndGlobal
